
Microsoft Visual Studio Solution File, Format Version 12.00
# Visual Studio Version 17
VisualStudioVersion = 17.10.35013.160
MinimumVisualStudioVersion = 10.0.40219.1
Project("{FAE04EC0-301F-11D3-BF4B-00C04F79EFBC}") = "C43-G05-ADV01assigment", "C43-G05-ADV01assigment\C43-G05-ADV01assigment.csproj", "{B1F10CB5-7AF3-40D8-9351-C913A6A43AE7}"
EndProject
Global
	GlobalSection(SolutionConfigurationPlatforms) = preSolution
		Debug|Any CPU = Debug|Any CPU
		Release|Any CPU = Release|Any CPU
	EndGlobalSection
	GlobalSection(ProjectConfigurationPlatforms) = postSolution
		{B1F10CB5-7AF3-40D8-9351-C913A6A43AE7}.Debug|Any CPU.ActiveCfg = Debug|Any CPU
		{B1F10CB5-7AF3-40D8-9351-C913A6A43AE7}.Debug|Any CPU.Build.0 = Debug|Any CPU
		{B1F10CB5-7AF3-40D8-9351-C913A6A43AE7}.Release|Any CPU.ActiveCfg = Release|Any CPU
		{B1F10CB5-7AF3-40D8-9351-C913A6A43AE7}.Release|Any CPU.Build.0 = Release|Any CPU
	EndGlobalSection
	GlobalSection(SolutionProperties) = preSolution
		HideSolutionNode = FALSE
	EndGlobalSection
	GlobalSection(ExtensibilityGlobals) = postSolution
		SolutionGuid = {45536D5A-1A90-4C45-9FA3-850B6C73FE76}
	EndGlobalSection
EndGlobal
